// !$*UTF8*$!
{
	archiveVersion = 1;
	classes = {
	};
	objectVersion = 55;
	objects = {

/* Begin PBXBuildFile section */
		237B7C2F28AEA3B1000429E3 /* AppDelegate.swift in Sources */ = {isa = PBXBuildFile; fileRef = 237B7C2E28AEA3B1000429E3 /* AppDelegate.swift */; };
		237B7C3328AEA3B1000429E3 /* MainViewController.swift in Sources */ = {isa = PBXBuildFile; fileRef = 237B7C3228AEA3B1000429E3 /* MainViewController.swift */; };
		237B7C3628AEA3B1000429E3 /* Main.storyboard in Resources */ = {isa = PBXBuildFile; fileRef = 237B7C3428AEA3B1000429E3 /* Main.storyboard */; };
		237B7C3928AEA3B1000429E3 /* CoreDataHW.xcdatamodeld in Sources */ = {isa = PBXBuildFile; fileRef = 237B7C3728AEA3B1000429E3 /* CoreDataHW.xcdatamodeld */; };
		237B7C3B28AEA3B2000429E3 /* Assets.xcassets in Resources */ = {isa = PBXBuildFile; fileRef = 237B7C3A28AEA3B2000429E3 /* Assets.xcassets */; };
		237B7C3E28AEA3B2000429E3 /* LaunchScreen.storyboard in Resources */ = {isa = PBXBuildFile; fileRef = 237B7C3C28AEA3B2000429E3 /* LaunchScreen.storyboard */; };
		237B7C4B28AEA4A2000429E3 /* DetailViewController.swift in Sources */ = {isa = PBXBuildFile; fileRef = 237B7C4A28AEA4A2000429E3 /* DetailViewController.swift */; };
		237B7C4D28AEA4FE000429E3 /* TableViewCell.swift in Sources */ = {isa = PBXBuildFile; fileRef = 237B7C4C28AEA4FE000429E3 /* TableViewCell.swift */; };
		6D77C9B5ABC82BA512A4496D /* Pods_CoreDataHW.framework in Frameworks */ = {isa = PBXBuildFile; fileRef = CFA49AAFADE0CD1672EF37A2 /* Pods_CoreDataHW.framework */; };
/* End PBXBuildFile section */

/* Begin PBXFileReference section */
		237B7C2B28AEA3B1000429E3 /* CoreDataHW.app */ = {isa = PBXFileReference; explicitFileType = wrapper.application; includeInIndex = 0; path = CoreDataHW.app; sourceTree = BUILT_PRODUCTS_DIR; };
		237B7C2E28AEA3B1000429E3 /* AppDelegate.swift */ = {isa = PBXFileReference; lastKnownFileType = sourcecode.swift; path = AppDelegate.swift; sourceTree = "<group>"; };
		237B7C3228AEA3B1000429E3 /* MainViewController.swift */ = {isa = PBXFileReference; lastKnownFileType = sourcecode.swift; path = MainViewController.swift; sourceTree = "<group>"; };
		237B7C3528AEA3B1000429E3 /* Base */ = {isa = PBXFileReference; lastKnownFileType = file.storyboard; name = Base; path = Base.lproj/Main.storyboard; sourceTree = "<group>"; };
		237B7C3828AEA3B1000429E3 /* CoreDataHW.xcdatamodel */ = {isa = PBXFileReference; lastKnownFileType = wrapper.xcdatamodel; path = CoreDataHW.xcdatamodel; sourceTree = "<group>"; };
		237B7C3A28AEA3B2000429E3 /* Assets.xcassets */ = {isa = PBXFileReference; lastKnownFileType = folder.assetcatalog; path = Assets.xcassets; sourceTree = "<group>"; };
		237B7C3D28AEA3B2000429E3 /* Base */ = {isa = PBXFileReference; lastKnownFileType = file.storyboard; name = Base; path = Base.lproj/LaunchScreen.storyboard; sourceTree = "<group>"; };
		237B7C3F28AEA3B2000429E3 /* Info.plist */ = {isa = PBXFileReference; lastKnownFileType = text.plist.xml; path = Info.plist; sourceTree = "<group>"; };
		237B7C4A28AEA4A2000429E3 /* DetailViewController.swift */ = {isa = PBXFileReference; lastKnownFileType = sourcecode.swift; path = DetailViewController.swift; sourceTree = "<group>"; };
		237B7C4C28AEA4FE000429E3 /* TableViewCell.swift */ = {isa = PBXFileReference; lastKnownFileType = sourcecode.swift; path = TableViewCell.swift; sourceTree = "<group>"; };
		65D3238E2ABF755943BBC4BB /* Pods-CoreDataHW.debug.xcconfig */ = {isa = PBXFileReference; includeInIndex = 1; lastKnownFileType = text.xcconfig; name = "Pods-CoreDataHW.debug.xcconfig"; path = "Target Support Files/Pods-CoreDataHW/Pods-CoreDataHW.debug.xcconfig"; sourceTree = "<group>"; };
		6A788ED6EEF99EE8015DEC7F /* Pods-CoreDataHW.release.xcconfig */ = {isa = PBXFileReference; includeInIndex = 1; lastKnownFileType = text.xcconfig; name = "Pods-CoreDataHW.release.xcconfig"; path = "Target Support Files/Pods-CoreDataHW/Pods-CoreDataHW.release.xcconfig"; sourceTree = "<group>"; };
		CFA49AAFADE0CD1672EF37A2 /* Pods_CoreDataHW.framework */ = {isa = PBXFileReference; explicitFileType = wrapper.framework; includeInIndex = 0; path = Pods_CoreDataHW.framework; sourceTree = BUILT_PRODUCTS_DIR; };
/* End PBXFileReference section */

/* Begin PBXFrameworksBuildPhase section */
		237B7C2828AEA3B1000429E3 /* Frameworks */ = {
			isa = PBXFrameworksBuildPhase;
			buildActionMask = 2147483647;
			files = (
				6D77C9B5ABC82BA512A4496D /* Pods_CoreDataHW.framework in Frameworks */,
			);
			runOnlyForDeploymentPostprocessing = 0;
		};
/* End PBXFrameworksBuildPhase section */

/* Begin PBXGroup section */
		237B7C2228AEA3B1000429E3 = {
			isa = PBXGroup;
			children = (
				237B7C2D28AEA3B1000429E3 /* CoreDataHW */,
				237B7C2C28AEA3B1000429E3 /* Products */,
				237B7C4528AEA3D4000429E3 /* Frameworks */,
				56A346166F552FD2F62A5452 /* Pods */,
			);
			sourceTree = "<group>";
		};
		237B7C2C28AEA3B1000429E3 /* Products */ = {
			isa = PBXGroup;
			children = (
				237B7C2B28AEA3B1000429E3 /* CoreDataHW.app */,
			);
			name = Products;
			sourceTree = "<group>";
		};
		237B7C2D28AEA3B1000429E3 /* CoreDataHW */ = {
			isa = PBXGroup;
			children = (
				237B7C4728AEA3F7000429E3 /* Resource */,
				237B7C4628AEA3EE000429E3 /* Source */,
				237B7C3228AEA3B1000429E3 /* MainViewController.swift */,
				237B7C4A28AEA4A2000429E3 /* DetailViewController.swift */,
				237B7C4C28AEA4FE000429E3 /* TableViewCell.swift */,
				237B7C3728AEA3B1000429E3 /* CoreDataHW.xcdatamodeld */,
			);
			path = CoreDataHW;
			sourceTree = "<group>";
		};
		237B7C4528AEA3D4000429E3 /* Frameworks */ = {
			isa = PBXGroup;
			children = (
				CFA49AAFADE0CD1672EF37A2 /* Pods_CoreDataHW.framework */,
			);
			name = Frameworks;
			sourceTree = "<group>";
		};
		237B7C4628AEA3EE000429E3 /* Source */ = {
			isa = PBXGroup;
			children = (
				237B7C4928AEA437000429E3 /* Storyboards */,
				237B7C4828AEA41B000429E3 /* App */,
			);
			path = Source;
			sourceTree = "<group>";
		};
		237B7C4728AEA3F7000429E3 /* Resource */ = {
			isa = PBXGroup;
			children = (
				237B7C3F28AEA3B2000429E3 /* Info.plist */,
				237B7C3A28AEA3B2000429E3 /* Assets.xcassets */,
			);
			path = Resource;
			sourceTree = "<group>";
		};
		237B7C4828AEA41B000429E3 /* App */ = {
			isa = PBXGroup;
			children = (
				237B7C2E28AEA3B1000429E3 /* AppDelegate.swift */,
			);
			path = App;
			sourceTree = "<group>";
		};
		237B7C4928AEA437000429E3 /* Storyboards */ = {
			isa = PBXGroup;
			children = (
				237B7C3C28AEA3B2000429E3 /* LaunchScreen.storyboard */,
				237B7C3428AEA3B1000429E3 /* Main.storyboard */,
			);
			path = Storyboards;
			sourceTree = "<group>";
		};
		56A346166F552FD2F62A5452 /* Pods */ = {
			isa = PBXGroup;
			children = (
				65D3238E2ABF755943BBC4BB /* Pods-CoreDataHW.debug.xcconfig */,
				6A788ED6EEF99EE8015DEC7F /* Pods-CoreDataHW.release.xcconfig */,
			);
			path = Pods;
			sourceTree = "<group>";
		};
/* End PBXGroup section */

/* Begin PBXNativeTarget section */
		237B7C2A28AEA3B1000429E3 /* CoreDataHW */ = {
			isa = PBXNativeTarget;
			buildConfigurationList = 237B7C4228AEA3B2000429E3 /* Build configuration list for PBXNativeTarget "CoreDataHW" */;
			buildPhases = (
				356E088370AA719F869296C9 /* [CP] Check Pods Manifest.lock */,
				237B7C2728AEA3B1000429E3 /* Sources */,
				237B7C2828AEA3B1000429E3 /* Frameworks */,
				237B7C2928AEA3B1000429E3 /* Resources */,
				007D37BCD9FD15A4AE3EF45A /* [CP] Embed Pods Frameworks */,
			);
			buildRules = (
			);
			dependencies = (
			);
			name = CoreDataHW;
			productName = CoreDataHW;
			productReference = 237B7C2B28AEA3B1000429E3 /* CoreDataHW.app */;
			productType = "com.apple.product-type.application";
		};
/* End PBXNativeTarget section */

/* Begin PBXProject section */
		237B7C2328AEA3B1000429E3 /* Project object */ = {
			isa = PBXProject;
			attributes = {
				BuildIndependentTargetsInParallel = 1;
				LastSwiftUpdateCheck = 1340;
				LastUpgradeCheck = 1340;
				TargetAttributes = {
					237B7C2A28AEA3B1000429E3 = {
						CreatedOnToolsVersion = 13.4.1;
					};
				};
			};
			buildConfigurationList = 237B7C2628AEA3B1000429E3 /* Build configuration list for PBXProject "CoreDataHW" */;
			compatibilityVersion = "Xcode 13.0";
			developmentRegion = en;
			hasScannedForEncodings = 0;
			knownRegions = (
				en,
				Base,
			);
			mainGroup = 237B7C2228AEA3B1000429E3;
			productRefGroup = 237B7C2C28AEA3B1000429E3 /* Products */;
			projectDirPath = "";
			projectRoot = "";
			targets = (
				237B7C2A28AEA3B1000429E3 /* CoreDataHW */,
			);
		};
/* End PBXProject section */

/* Begin PBXResourcesBuildPhase section */
		237B7C2928AEA3B1000429E3 /* Resources */ = {
			isa = PBXResourcesBuildPhase;
			buildActionMask = 2147483647;
			files = (
				237B7C3E28AEA3B2000429E3 /* LaunchScreen.storyboard in Resources */,
				237B7C3B28AEA3B2000429E3 /* Assets.xcassets in Resources */,
				237B7C3628AEA3B1000429E3 /* Main.storyboard in Resources */,
			);
			runOnlyForDeploymentPostprocessing = 0;
		};
/* End PBXResourcesBuildPhase section */

/* Begin PBXShellScriptBuildPhase section */
		007D37BCD9FD15A4AE3EF45A /* [CP] Embed Pods Frameworks */ = {
			isa = PBXShellScriptBuildPhase;
			buildActionMask = 2147483647;
			files = (
			);
			inputFileListPaths = (
				"${PODS_ROOT}/Target Support Files/Pods-CoreDataHW/Pods-CoreDataHW-frameworks-${CONFIGURATION}-input-files.xcfilelist",
			);
			name = "[CP] Embed Pods Frameworks";
			outputFileListPaths = (
				"${PODS_ROOT}/Target Support Files/Pods-CoreDataHW/Pods-CoreDataHW-frameworks-${CONFIGURATION}-output-files.xcfilelist",
			);
			runOnlyForDeploymentPostprocessing = 0;
			shellPath = /bin/sh;
			shellScript = "\"${PODS_ROOT}/Target Support Files/Pods-CoreDataHW/Pods-CoreDataHW-frameworks.sh\"\n";
			showEnvVarsInLog = 0;
		};
		356E088370AA719F869296C9 /* [CP] Check Pods Manifest.lock */ = {
			isa = PBXShellScriptBuildPhase;
			buildActionMask = 2147483647;
			files = (
			);
			inputFileListPaths = (
			);
			inputPaths = (
				"${PODS_PODFILE_DIR_PATH}/Podfile.lock",
				"${PODS_ROOT}/Manifest.lock",
			);
			name = "[CP] Check Pods Manifest.lock";
			outputFileListPaths = (
			);
			outputPaths = (
				"$(DERIVED_FILE_DIR)/Pods-CoreDataHW-checkManifestLockResult.txt",
			);
			runOnlyForDeploymentPostprocessing = 0;
			shellPath = /bin/sh;
			shellScript = "diff \"${PODS_PODFILE_DIR_PATH}/Podfile.lock\" \"${PODS_ROOT}/Manifest.lock\" > /dev/null\nif [ $? != 0 ] ; then\n    # print error to STDERR\n    echo \"error: The sandbox is not in sync with the Podfile.lock. Run 'pod install' or update your CocoaPods installation.\" >&2\n    exit 1\nfi\n# This output is used by Xcode 'outputs' to avoid re-running this script phase.\necho \"SUCCESS\" > \"${SCRIPT_OUTPUT_FILE_0}\"\n";
			showEnvVarsInLog = 0;
		};
/* End PBXShellScriptBuildPhase section */

/* Begin PBXSourcesBuildPhase section */
		237B7C2728AEA3B1000429E3 /* Sources */ = {
			isa = PBXSourcesBuildPhase;
			buildActionMask = 2147483647;
			files = (
				237B7C3328AEA3B1000429E3 /* MainViewController.swift in Sources */,
				237B7C3928AEA3B1000429E3 /* CoreDataHW.xcdatamodeld in Sources */,
				237B7C4B28AEA4A2000429E3 /* DetailViewController.swift in Sources */,
				237B7C4D28AEA4FE000429E3 /* TableViewCell.swift in Sources */,
				237B7C2F28AEA3B1000429E3 /* AppDelegate.swift in Sources */,
			);
			runOnlyForDeploymentPostprocessing = 0;
		};
/* End PBXSourcesBuildPhase section */

/* Begin PBXVariantGroup section */
		237B7C3428AEA3B1000429E3 /* Main.storyboard */ = {
			isa = PBXVariantGroup;
			children = (
				237B7C3528AEA3B1000429E3 /* Base */,
			);
			name = Main.storyboard;
			sourceTree = "<group>";
		};
		237B7C3C28AEA3B2000429E3 /* LaunchScreen.storyboard */ = {
			isa = PBXVariantGroup;
			children = (
				237B7C3D28AEA3B2000429E3 /* Base */,
			);
			name = LaunchScreen.storyboard;
			sourceTree = "<group>";
		};
/* End PBXVariantGroup section */

/* Begin XCBuildConfiguration section */
		237B7C4028AEA3B2000429E3 /* Debug */ = {
			isa = XCBuildConfiguration;
			buildSettings = {
				ALWAYS_SEARCH_USER_PATHS = NO;
				CLANG_ANALYZER_NONNULL = YES;
				CLANG_ANALYZER_NUMBER_OBJECT_CONVERSION = YES_AGGRESSIVE;
				CLANG_CXX_LANGUAGE_STANDARD = "gnu++17";
				CLANG_ENABLE_MODULES = YES;
				CLANG_ENABLE_OBJC_ARC = YES;
				CLANG_ENABLE_OBJC_WEAK = YES;
				CLANG_WARN_BLOCK_CAPTURE_AUTORELEASING = YES;
				CLANG_WARN_BOOL_CONVERSION = YES;
				CLANG_WARN_COMMA = YES;
				CLANG_WARN_CONSTANT_CONVERSION = YES;
				CLANG_WARN_DEPRECATED_OBJC_IMPLEMENTATIONS = YES;
				CLANG_WARN_DIRECT_OBJC_ISA_USAGE = YES_ERROR;
				CLANG_WARN_DOCUMENTATION_COMMENTS = YES;
				CLANG_WARN_EMPTY_BODY = YES;
				CLANG_WARN_ENUM_CONVERSION = YES;
				CLANG_WARN_INFINITE_RECURSION = YES;
				CLANG_WARN_INT_CONVERSION = YES;
				CLANG_WARN_NON_LITERAL_NULL_CONVERSION = YES;
				CLANG_WARN_OBJC_IMPLICIT_RETAIN_SELF = YES;
				CLANG_WARN_OBJC_LITERAL_CONVERSION = YES;
				CLANG_WARN_OBJC_ROOT_CLASS = YES_ERROR;
				CLANG_WARN_QUOTED_INCLUDE_IN_FRAMEWORK_HEADER = YES;
				CLANG_WARN_RANGE_LOOP_ANALYSIS = YES;
				CLANG_WARN_STRICT_PROTOTYPES = YES;
				CLANG_WARN_SUSPICIOUS_MOVE = YES;
				CLANG_WARN_UNGUARDED_AVAILABILITY = YES_AGGRESSIVE;
				CLANG_WARN_UNREACHABLE_CODE = YES;
				CLANG_WARN__DUPLICATE_METHOD_MATCH = YES;
				COPY_PHASE_STRIP = NO;
				DEBUG_INFORMATION_FORMAT = dwarf;
				ENABLE_STRICT_OBJC_MSGSEND = YES;
				ENABLE_TESTABILITY = YES;
				GCC_C_LANGUAGE_STANDARD = gnu11;
				GCC_DYNAMIC_NO_PIC = NO;
				GCC_NO_COMMON_BLOCKS = YES;
				GCC_OPTIMIZATION_LEVEL = 0;
				GCC_PREPROCESSOR_DEFINITIONS = (
					"DEBUG=1",
					"$(inherited)",
				);
				GCC_WARN_64_TO_32_BIT_CONVERSION = YES;
				GCC_WARN_ABOUT_RETURN_TYPE = YES_ERROR;
				GCC_WARN_UNDECLARED_SELECTOR = YES;
				GCC_WARN_UNINITIALIZED_AUTOS = YES_AGGRESSIVE;
				GCC_WARN_UNUSED_FUNCTION = YES;
				GCC_WARN_UNUSED_VARIABLE = YES;
				IPHONEOS_DEPLOYMENT_TARGET = 15.5;
				MTL_ENABLE_DEBUG_INFO = INCLUDE_SOURCE;
				MTL_FAST_MATH = YES;
				ONLY_ACTIVE_ARCH = YES;
				SDKROOT = iphoneos;
				SWIFT_ACTIVE_COMPILATION_CONDITIONS = DEBUG;
				SWIFT_OPTIMIZATION_LEVEL = "-Onone";
			};
			name = Debug;
		};
		237B7C4128AEA3B2000429E3 /* Release */ = {
			isa = XCBuildConfiguration;
			buildSettings = {
				ALWAYS_SEARCH_USER_PATHS = NO;
				CLANG_ANALYZER_NONNULL = YES;
				CLANG_ANALYZER_NUMBER_OBJECT_CONVERSION = YES_AGGRESSIVE;
				CLANG_CXX_LANGUAGE_STANDARD = "gnu++17";
				CLANG_ENABLE_MODULES = YES;
				CLANG_ENABLE_OBJC_ARC = YES;
				CLANG_ENABLE_OBJC_WEAK = YES;
				CLANG_WARN_BLOCK_CAPTURE_AUTORELEASING = YES;
				CLANG_WARN_BOOL_CONVERSION = YES;
				CLANG_WARN_COMMA = YES;
				CLANG_WARN_CONSTANT_CONVERSION = YES;
				CLANG_WARN_DEPRECATED_OBJC_IMPLEMENTATIONS = YES;
				CLANG_WARN_DIRECT_OBJC_ISA_USAGE = YES_ERROR;
				CLANG_WARN_DOCUMENTATION_COMMENTS = YES;
				CLANG_WARN_EMPTY_BODY = YES;
				CLANG_WARN_ENUM_CONVERSION = YES;
				CLANG_WARN_INFINITE_RECURSION = YES;
				CLANG_WARN_INT_CONVERSION = YES;
				CLANG_WARN_NON_LITERAL_NULL_CONVERSION = YES;
				CLANG_WARN_OBJC_IMPLICIT_RETAIN_SELF = YES;
				CLANG_WARN_OBJC_LITERAL_CONVERSION = YES;
				CLANG_WARN_OBJC_ROOT_CLASS = YES_ERROR;
				CLANG_WARN_QUOTED_INCLUDE_IN_FRAMEWORK_HEADER = YES;
				CLANG_WARN_RANGE_LOOP_ANALYSIS = YES;
				CLANG_WARN_STRICT_PROTOTYPES = YES;
				CLANG_WARN_SUSPICIOUS_MOVE = YES;
				CLANG_WARN_UNGUARDED_AVAILABILITY = YES_AGGRESSIVE;
				CLANG_WARN_UNREACHABLE_CODE = YES;
				CLANG_WARN__DUPLICATE_METHOD_MATCH = YES;
				COPY_PHASE_STRIP = NO;
				DEBUG_INFORMATION_FORMAT = "dwarf-with-dsym";
				ENABLE_NS_ASSERTIONS = NO;
				ENABLE_STRICT_OBJC_MSGSEND = YES;
				GCC_C_LANGUAGE_STANDARD = gnu11;
				GCC_NO_COMMON_BLOCKS = YES;
				GCC_WARN_64_TO_32_BIT_CONVERSION = YES;
				GCC_WARN_ABOUT_RETURN_TYPE = YES_ERROR;
				GCC_WARN_UNDECLARED_SELECTOR = YES;
				GCC_WARN_UNINITIALIZED_AUTOS = YES_AGGRESSIVE;
				GCC_WARN_UNUSED_FUNCTION = YES;
				GCC_WARN_UNUSED_VARIABLE = YES;
				IPHONEOS_DEPLOYMENT_TARGET = 15.5;
				MTL_ENABLE_DEBUG_INFO = NO;
				MTL_FAST_MATH = YES;
				SDKROOT = iphoneos;
				SWIFT_COMPILATION_MODE = wholemodule;
				SWIFT_OPTIMIZATION_LEVEL = "-O";
				VALIDATE_PRODUCT = YES;
			};
			name = Release;
		};
		237B7C4328AEA3B2000429E3 /* Debug */ = {
			isa = XCBuildConfiguration;
			baseConfigurationReference = 65D3238E2ABF755943BBC4BB /* Pods-CoreDataHW.debug.xcconfig */;
			buildSettings = {
				ASSETCATALOG_COMPILER_APPICON_NAME = AppIcon;
				ASSETCATALOG_COMPILER_GLOBAL_ACCENT_COLOR_NAME = AccentColor;
				CODE_SIGN_STYLE = Automatic;
				CURRENT_PROJECT_VERSION = 1;
				DEVELOPMENT_TEAM = 85B7L6B49N;
				GENERATE_INFOPLIST_FILE = YES;
				INFOPLIST_FILE = CoreDataHW/Info.plist;
				INFOPLIST_KEY_UIApplicationSupportsIndirectInputEvents = YES;
				INFOPLIST_KEY_UILaunchStoryboardName = LaunchScreen;
				INFOPLIST_KEY_UIMainStoryboardFile = Main;
				INFOPLIST_KEY_UISupportedInterfaceOrientations_iPad = "UIInterfaceOrientationPortrait UIInterfaceOrientationPortraitUpsideDown UIInterfaceOrientationLandscapeLeft UIInterfaceOrientationLandscapeRight";
				INFOPLIST_KEY_UISupportedInterfaceOrientations_iPhone = "UIInterfaceOrientationPortrait UIInterfaceOrientationLandscapeLeft UIInterfaceOrientationLandscapeRight";
				LD_RUNPATH_SEARCH_PATHS = (
					"$(inherited)",
					"@executable_path/Frameworks",
				);
				MARKETING_VERSION = 1.0;
				PRODUCT_BUNDLE_IDENTIFIER = com.Taran.CoreDataHW;
				PRODUCT_NAME = "$(TARGET_NAME)";
				SWIFT_EMIT_LOC_STRINGS = YES;
				SWIFT_VERSION = 5.0;
				TARGETED_DEVICE_FAMILY = 1;
			};
			name = Debug;
		};
		237B7C4428AEA3B2000429E3 /* Release */ = {
			isa = XCBuildConfiguration;
			baseConfigurationReference = 6A788ED6EEF99EE8015DEC7F /* Pods-CoreDataHW.release.xcconfig */;
			buildSettings = {
				ASSETCATALOG_COMPILER_APPICON_NAME = AppIcon;
				ASSETCATALOG_COMPILER_GLOBAL_ACCENT_COLOR_NAME = AccentColor;
				CODE_SIGN_STYLE = Automatic;
				CURRENT_PROJECT_VERSION = 1;
				DEVELOPMENT_TEAM = 85B7L6B49N;
				GENERATE_INFOPLIST_FILE = YES;
				INFOPLIST_FILE = CoreDataHW/Info.plist;
				INFOPLIST_KEY_UIApplicationSupportsIndirectInputEvents = YES;
				INFOPLIST_KEY_UILaunchStoryboardName = LaunchScreen;
				INFOPLIST_KEY_UIMainStoryboardFile = Main;
				INFOPLIST_KEY_UISupportedInterfaceOrientations_iPad = "UIInterfaceOrientationPortrait UIInterfaceOrientationPortraitUpsideDown UIInterfaceOrientationLandscapeLeft UIInterfaceOrientationLandscapeRight";
				INFOPLIST_KEY_UISupportedInterfaceOrientations_iPhone = "UIInterfaceOrientationPortrait UIInterfaceOrientationLandscapeLeft UIInterfaceOrientationLandscapeRight";
				LD_RUNPATH_SEARCH_PATHS = (
					"$(inherited)",
					"@executable_path/Frameworks",
				);
				MARKETING_VERSION = 1.0;
				PRODUCT_BUNDLE_IDENTIFIER = com.Taran.CoreDataHW;
				PRODUCT_NAME = "$(TARGET_NAME)";
				SWIFT_EMIT_LOC_STRINGS = YES;
				SWIFT_VERSION = 5.0;
				TARGETED_DEVICE_FAMILY = 1;
			};
			name = Release;
		};
/* End XCBuildConfiguration section */

/* Begin XCConfigurationList section */
		237B7C2628AEA3B1000429E3 /* Build configuration list for PBXProject "CoreDataHW" */ = {
			isa = XCConfigurationList;
			buildConfigurations = (
				237B7C4028AEA3B2000429E3 /* Debug */,
				237B7C4128AEA3B2000429E3 /* Release */,
			);
			defaultConfigurationIsVisible = 0;
			defaultConfigurationName = Release;
		};
		237B7C4228AEA3B2000429E3 /* Build configuration list for PBXNativeTarget "CoreDataHW" */ = {
			isa = XCConfigurationList;
			buildConfigurations = (
				237B7C4328AEA3B2000429E3 /* Debug */,
				237B7C4428AEA3B2000429E3 /* Release */,
			);
			defaultConfigurationIsVisible = 0;
			defaultConfigurationName = Release;
		};
/* End XCConfigurationList section */

/* Begin XCVersionGroup section */
		237B7C3728AEA3B1000429E3 /* CoreDataHW.xcdatamodeld */ = {
			isa = XCVersionGroup;
			children = (
				237B7C3828AEA3B1000429E3 /* CoreDataHW.xcdatamodel */,
			);
			currentVersion = 237B7C3828AEA3B1000429E3 /* CoreDataHW.xcdatamodel */;
			path = CoreDataHW.xcdatamodeld;
			sourceTree = "<group>";
			versionGroupType = wrapper.xcdatamodel;
		};
/* End XCVersionGroup section */
	};
	rootObject = 237B7C2328AEA3B1000429E3 /* Project object */;
}
